
Microsoft Visual Studio Solution File, Format Version 12.00
# Visual Studio Version 17
VisualStudioVersion = 17.7.34031.279
MinimumVisualStudioVersion = 10.0.40219.1
Project("{9A19103F-16F7-4668-BE54-9A1E7A4F7556}") = "TimeTables", "TimeTables\TimeTables.csproj", "{224761ED-741E-41FD-9942-F02A2A4F5E05}"
EndProject
Global
	GlobalSection(SolutionConfigurationPlatforms) = preSolution
		Debug|Any CPU = Debug|Any CPU
		Release|Any CPU = Release|Any CPU
	EndGlobalSection
	GlobalSection(ProjectConfigurationPlatforms) = postSolution
		{224761ED-741E-41FD-9942-F02A2A4F5E05}.Debug|Any CPU.ActiveCfg = Debug|Any CPU
		{224761ED-741E-41FD-9942-F02A2A4F5E05}.Debug|Any CPU.Build.0 = Debug|Any CPU
		{224761ED-741E-41FD-9942-F02A2A4F5E05}.Release|Any CPU.ActiveCfg = Release|Any CPU
		{224761ED-741E-41FD-9942-F02A2A4F5E05}.Release|Any CPU.Build.0 = Release|Any CPU
	EndGlobalSection
	GlobalSection(SolutionProperties) = preSolution
		HideSolutionNode = FALSE
	EndGlobalSection
	GlobalSection(ExtensibilityGlobals) = postSolution
		SolutionGuid = {ED737EA6-C73B-469D-9DDE-90962C69E3B2}
	EndGlobalSection
EndGlobal
